# box.lock — Generated by Runbox. Commit this file.
# Do not edit manually.

runbox_version = "0.1.1"
locked_at = 2026-08-06T19:21:27.422619Z

[box]
  name = "eventful"
  version = "1"

[tools]
  [tools.node]
    constraint = ">=20.0"
    resolved = "22.18.0"
    path = "/usr/local/bin/node"

[env]
